PODS:
  - DACircularProgress (2.3.1)
  - FBRetainCycleDetector (0.1.2)
  - Masonry (1.0.1)
  - MBProgressHUD (0.9.2)
  - MLeaksFinder (0.2.0):
    - FBRetainCycleDetector
  - ReactiveCocoa (2.5):
    - ReactiveCocoa/UI (= 2.5)
  - ReactiveCocoa/Core (2.5):
    - ReactiveCocoa/no-arc
  - ReactiveCocoa/no-arc (2.5)
  - ReactiveCocoa/UI (2.5):
    - ReactiveCocoa/Core

DEPENDENCIES:
  - DACircularProgress (~> 2.3.1)
  - FBRetainCycleDetector
  - Masonry (~> 1.0.1)
  - MBProgressHUD (~> 0.9.2)
  - MLeaksFinder
  - ReactiveCocoa (~> 2.5)

SPEC CHECKSUMS:
  DACircularProgress: 4dd437c0fc3da5161cb289e07ac449493d41db71
  FBRetainCycleDetector: 45462f9ed1af0cd77224a4cc4e6dacaca47371b4
  Masonry: a1a931a0d08870ed8ae415a2ea5ea68ebcac77df
  MBProgressHUD: 1569cf7ace17a8bac47aabfbb8580a49690386d1
  MLeaksFinder: 07ab450d72d3bf5ef4201b74047d74ceae66d605
  ReactiveCocoa: e2db045570aa97c695e7aa97c2bcab222ae51f4a

PODFILE CHECKSUM: 450b5649d3560a62cfc5790ec6cfa16826661346

COCOAPODS: 1.0.1
